// !$*UTF8*$!
{
	archiveVersion = 1;
	classes = {
	};
	objectVersion = 46;
	objects = {

/* Begin PBXBuildFile section */
		39B1E0011DF9B62F00DA2507 /* AppDelegate.swift in Sources */ = {isa = PBXBuildFile; fileRef = 39B1E0001DF9B62F00DA2507 /* AppDelegate.swift */; };
		39B1E0031DF9B62F00DA2507 /* ViewController.swift in Sources */ = {isa = PBXBuildFile; fileRef = 39B1E0021DF9B62F00DA2507 /* ViewController.swift */; };
		39B1E0061DF9B62F00DA2507 /* Main.storyboard in Resources */ = {isa = PBXBuildFile; fileRef = 39B1E0041DF9B62F00DA2507 /* Main.storyboard */; };
		39B1E0081DF9B62F00DA2507 /* Assets.xcassets in Resources */ = {isa = PBXBuildFile; fileRef = 39B1E0071DF9B62F00DA2507 /* Assets.xcassets */; };
		39B1E00B1DF9B62F00DA2507 /* LaunchScreen.storyboard in Resources */ = {isa = PBXBuildFile; fileRef = 39B1E0091DF9B62F00DA2507 /* LaunchScreen.storyboard */; };
/* End PBXBuildFile section */

/* Begin PBXFileReference section */
		39B1DFFD1DF9B62F00DA2507 /* TestTaskQulix.app */ = {isa = PBXFileReference; explicitFileType = wrapper.application; includeInIndex = 0; path = TestTaskQulix.app; sourceTree = BUILT_PRODUCTS_DIR; };
		39B1E0001DF9B62F00DA2507 /* AppDelegate.swift */ = {isa = PBXFileReference; lastKnownFileType = sourcecode.swift; path = AppDelegate.swift; sourceTree = "<group>"; };
		39B1E0021DF9B62F00DA2507 /* ViewController.swift */ = {isa = PBXFileReference; lastKnownFileType = sourcecode.swift; path = ViewController.swift; sourceTree = "<group>"; };
		39B1E0051DF9B62F00DA2507 /* Base */ = {isa = PBXFileReference; lastKnownFileType = file.storyboard; name = Base; path = Base.lproj/Main.storyboard; sourceTree = "<group>"; };
		39B1E0071DF9B62F00DA2507 /* Assets.xcassets */ = {isa = PBXFileReference; lastKnownFileType = folder.assetcatalog; path = Assets.xcassets; sourceTree = "<group>"; };
		39B1E00A1DF9B62F00DA2507 /* Base */ = {isa = PBXFileReference; lastKnownFileType = file.storyboard; name = Base; path = Base.lproj/LaunchScreen.storyboard; sourceTree = "<group>"; };
		39B1E00C1DF9B62F00DA2507 /* Info.plist */ = {isa = PBXFileReference; lastKnownFileType = text.plist.xml; path = Info.plist; sourceTree = "<group>"; };
/* End PBXFileReference section */

/* Begin PBXFrameworksBuildPhase section */
		39B1DFFA1DF9B62F00DA2507 /* Frameworks */ = {
			isa = PBXFrameworksBuildPhase;
			buildActionMask = 2147483647;
			files = (
			);
			runOnlyForDeploymentPostprocessing = 0;
		};
/* End PBXFrameworksBuildPhase section */

/* Begin PBXGroup section */
		39B1DFF41DF9B62E00DA2507 = {
			isa = PBXGroup;
			children = (
				39B1DFFF1DF9B62F00DA2507 /* TestTaskQulix */,
				39B1DFFE1DF9B62F00DA2507 /* Products */,
			);
			sourceTree = "<group>";
		};
		39B1DFFE1DF9B62F00DA2507 /* Products */ = {
			isa = PBXGroup;
			children = (
				39B1DFFD1DF9B62F00DA2507 /* TestTaskQulix.app */,
			);
			name = Products;
			sourceTree = "<group>";
		};
		39B1DFFF1DF9B62F00DA2507 /* TestTaskQulix */ = {
			isa = PBXGroup;
			children = (
				39B1E0001DF9B62F00DA2507 /* AppDelegate.swift */,
				39B1E0021DF9B62F00DA2507 /* ViewController.swift */,
				39B1E0041DF9B62F00DA2507 /* Main.storyboard */,
				39B1E0071DF9B62F00DA2507 /* Assets.xcassets */,
				39B1E0091DF9B62F00DA2507 /* LaunchScreen.storyboard */,
				39B1E00C1DF9B62F00DA2507 /* Info.plist */,
			);
			path = TestTaskQulix;
			sourceTree = "<group>";
		};
/* End PBXGroup section */

/* Begin PBXNativeTarget section */
		39B1DFFC1DF9B62F00DA2507 /* TestTaskQulix */ = {
			isa = PBXNativeTarget;
			buildConfigurationList = 39B1E00F1DF9B62F00DA2507 /* Build configuration list for PBXNativeTarget "TestTaskQulix" */;
			buildPhases = (
				39B1DFF91DF9B62F00DA2507 /* Sources */,
				39B1DFFA1DF9B62F00DA2507 /* Frameworks */,
				39B1DFFB1DF9B62F00DA2507 /* Resources */,
			);
			buildRules = (
			);
			dependencies = (
			);
			name = TestTaskQulix;
			productName = TestTaskQulix;
			productReference = 39B1DFFD1DF9B62F00DA2507 /* TestTaskQulix.app */;
			productType = "com.apple.product-type.application";
		};
/* End PBXNativeTarget section */

/* Begin PBXProject section */
		39B1DFF51DF9B62E00DA2507 /* Project object */ = {
			isa = PBXProject;
			attributes = {
				LastSwiftUpdateCheck = 0810;
				LastUpgradeCheck = 0810;
				ORGANIZATIONNAME = "Nikita Misko";
				TargetAttributes = {
					39B1DFFC1DF9B62F00DA2507 = {
						CreatedOnToolsVersion = 8.1;
						DevelopmentTeam = 9STW2W7Q28;
						ProvisioningStyle = Automatic;
					};
				};
			};
			buildConfigurationList = 39B1DFF81DF9B62E00DA2507 /* Build configuration list for PBXProject "TestTaskQulix" */;
			compatibilityVersion = "Xcode 3.2";
			developmentRegion = English;
			hasScannedForEncodings = 0;
			knownRegions = (
				en,
				Base,
			);
			mainGroup = 39B1DFF41DF9B62E00DA2507;
			productRefGroup = 39B1DFFE1DF9B62F00DA2507 /* Products */;
			projectDirPath = "";
			projectRoot = "";
			targets = (
				39B1DFFC1DF9B62F00DA2507 /* TestTaskQulix */,
			);
		};
/* End PBXProject section */

/* Begin PBXResourcesBuildPhase section */
		39B1DFFB1DF9B62F00DA2507 /* Resources */ = {
			isa = PBXResourcesBuildPhase;
			buildActionMask = 2147483647;
			files = (
				39B1E00B1DF9B62F00DA2507 /* LaunchScreen.storyboard in Resources */,
				39B1E0081DF9B62F00DA2507 /* Assets.xcassets in Resources */,
				39B1E0061DF9B62F00DA2507 /* Main.storyboard in Resources */,
			);
			runOnlyForDeploymentPostprocessing = 0;
		};
/* End PBXResourcesBuildPhase section */

/* Begin PBXSourcesBuildPhase section */
		39B1DFF91DF9B62F00DA2507 /* Sources */ = {
			isa = PBXSourcesBuildPhase;
			buildActionMask = 2147483647;
			files = (
				39B1E0031DF9B62F00DA2507 /* ViewController.swift in Sources */,
				39B1E0011DF9B62F00DA2507 /* AppDelegate.swift in Sources */,
			);
			runOnlyForDeploymentPostprocessing = 0;
		};
/* End PBXSourcesBuildPhase section */

/* Begin PBXVariantGroup section */
		39B1E0041DF9B62F00DA2507 /* Main.storyboard */ = {
			isa = PBXVariantGroup;
			children = (
				39B1E0051DF9B62F00DA2507 /* Base */,
			);
			name = Main.storyboard;
			sourceTree = "<group>";
		};
		39B1E0091DF9B62F00DA2507 /* LaunchScreen.storyboard */ = {
			isa = PBXVariantGroup;
			children = (
				39B1E00A1DF9B62F00DA2507 /* Base */,
			);
			name = LaunchScreen.storyboard;
			sourceTree = "<group>";
		};
/* End PBXVariantGroup section */

/* Begin XCBuildConfiguration section */
		39B1E00D1DF9B62F00DA2507 /* Debug */ = {
			isa = XCBuildConfiguration;
			buildSettings = {
				ALWAYS_SEARCH_USER_PATHS = NO;
				CLANG_ANALYZER_NONNULL = YES;
				CLANG_CXX_LANGUAGE_STANDARD = "gnu++0x";
				CLANG_CXX_LIBRARY = "libc++";
				CLANG_ENABLE_MODULES = YES;
				CLANG_ENABLE_OBJC_ARC = YES;
				CLANG_WARN_BOOL_CONVERSION = YES;
				CLANG_WARN_CONSTANT_CONVERSION = YES;
				CLANG_WARN_DIRECT_OBJC_ISA_USAGE = YES_ERROR;
				CLANG_WARN_DOCUMENTATION_COMMENTS = YES;
				CLANG_WARN_EMPTY_BODY = YES;
				CLANG_WARN_ENUM_CONVERSION = YES;
				CLANG_WARN_INFINITE_RECURSION = YES;
				CLANG_WARN_INT_CONVERSION = YES;
				CLANG_WARN_OBJC_ROOT_CLASS = YES_ERROR;
				CLANG_WARN_SUSPICIOUS_MOVES = YES;
				CLANG_WARN_UNREACHABLE_CODE = YES;
				CLANG_WARN__DUPLICATE_METHOD_MATCH = YES;
				"CODE_SIGN_IDENTITY[sdk=iphoneos*]" = "iPhone Developer";
				COPY_PHASE_STRIP = NO;
				DEBUG_INFORMATION_FORMAT = dwarf;
				ENABLE_STRICT_OBJC_MSGSEND = YES;
				ENABLE_TESTABILITY = YES;
				GCC_C_LANGUAGE_STANDARD = gnu99;
				GCC_DYNAMIC_NO_PIC = NO;
				GCC_NO_COMMON_BLOCKS = YES;
				GCC_OPTIMIZATION_LEVEL = 0;
				GCC_PREPROCESSOR_DEFINITIONS = (
					"DEBUG=1",
					"$(inherited)",
				);
				GCC_WARN_64_TO_32_BIT_CONVERSION = YES;
				GCC_WARN_ABOUT_RETURN_TYPE = YES_ERROR;
				GCC_WARN_UNDECLARED_SELECTOR = YES;
				GCC_WARN_UNINITIALIZED_AUTOS = YES_AGGRESSIVE;
				GCC_WARN_UNUSED_FUNCTION = YES;
				GCC_WARN_UNUSED_VARIABLE = YES;
				IPHONEOS_DEPLOYMENT_TARGET = 10.1;
				MTL_ENABLE_DEBUG_INFO = YES;
				ONLY_ACTIVE_ARCH = YES;
				SDKROOT = iphoneos;
				SWIFT_ACTIVE_COMPILATION_CONDITIONS = DEBUG;
				SWIFT_OPTIMIZATION_LEVEL = "-Onone";
			};
			name = Debug;
		};
		39B1E00E1DF9B62F00DA2507 /* Release */ = {
			isa = XCBuildConfiguration;
			buildSettings = {
				ALWAYS_SEARCH_USER_PATHS = NO;
				CLANG_ANALYZER_NONNULL = YES;
				CLANG_CXX_LANGUAGE_STANDARD = "gnu++0x";
				CLANG_CXX_LIBRARY = "libc++";
				CLANG_ENABLE_MODULES = YES;
				CLANG_ENABLE_OBJC_ARC = YES;
				CLANG_WARN_BOOL_CONVERSION = YES;
				CLANG_WARN_CONSTANT_CONVERSION = YES;
				CLANG_WARN_DIRECT_OBJC_ISA_USAGE = YES_ERROR;
				CLANG_WARN_DOCUMENTATION_COMMENTS = YES;
				CLANG_WARN_EMPTY_BODY = YES;
				CLANG_WARN_ENUM_CONVERSION = YES;
				CLANG_WARN_INFINITE_RECURSION = YES;
				CLANG_WARN_INT_CONVERSION = YES;
				CLANG_WARN_OBJC_ROOT_CLASS = YES_ERROR;
				CLANG_WARN_SUSPICIOUS_MOVES = YES;
				CLANG_WARN_UNREACHABLE_CODE = YES;
				CLANG_WARN__DUPLICATE_METHOD_MATCH = YES;
				"CODE_SIGN_IDENTITY[sdk=iphoneos*]" = "iPhone Developer";
				COPY_PHASE_STRIP = NO;
				DEBUG_INFORMATION_FORMAT = "dwarf-with-dsym";
				ENABLE_NS_ASSERTIONS = NO;
				ENABLE_STRICT_OBJC_MSGSEND = YES;
				GCC_C_LANGUAGE_STANDARD = gnu99;
				GCC_NO_COMMON_BLOCKS = YES;
				GCC_WARN_64_TO_32_BIT_CONVERSION = YES;
				GCC_WARN_ABOUT_RETURN_TYPE = YES_ERROR;
				GCC_WARN_UNDECLARED_SELECTOR = YES;
				GCC_WARN_UNINITIALIZED_AUTOS = YES_AGGRESSIVE;
				GCC_WARN_UNUSED_FUNCTION = YES;
				GCC_WARN_UNUSED_VARIABLE = YES;
				IPHONEOS_DEPLOYMENT_TARGET = 10.1;
				MTL_ENABLE_DEBUG_INFO = NO;
				SDKROOT = iphoneos;
				SWIFT_OPTIMIZATION_LEVEL = "-Owholemodule";
				VALIDATE_PRODUCT = YES;
			};
			name = Release;
		};
		39B1E0101DF9B62F00DA2507 /* Debug */ = {
			isa = XCBuildConfiguration;
			buildSettings = {
				ASSETCATALOG_COMPILER_APPICON_NAME = AppIcon;
				DEVELOPMENT_TEAM = 9STW2W7Q28;
				INFOPLIST_FILE = TestTaskQulix/Info.plist;
				LD_RUNPATH_SEARCH_PATHS = "$(inherited) @executable_path/Frameworks";
				PRODUCT_BUNDLE_IDENTIFIER = miskonm.TestTaskQulix;
				PRODUCT_NAME = "$(TARGET_NAME)";
				SWIFT_VERSION = 3.0;
			};
			name = Debug;
		};
		39B1E0111DF9B62F00DA2507 /* Release */ = {
			isa = XCBuildConfiguration;
			buildSettings = {
				ASSETCATALOG_COMPILER_APPICON_NAME = AppIcon;
				DEVELOPMENT_TEAM = 9STW2W7Q28;
				INFOPLIST_FILE = TestTaskQulix/Info.plist;
				LD_RUNPATH_SEARCH_PATHS = "$(inherited) @executable_path/Frameworks";
				PRODUCT_BUNDLE_IDENTIFIER = miskonm.TestTaskQulix;
				PRODUCT_NAME = "$(TARGET_NAME)";
				SWIFT_VERSION = 3.0;
			};
			name = Release;
		};
/* End XCBuildConfiguration section */

/* Begin XCConfigurationList section */
		39B1DFF81DF9B62E00DA2507 /* Build configuration list for PBXProject "TestTaskQulix" */ = {
			isa = XCConfigurationList;
			buildConfigurations = (
				39B1E00D1DF9B62F00DA2507 /* Debug */,
				39B1E00E1DF9B62F00DA2507 /* Release */,
			);
			defaultConfigurationIsVisible = 0;
			defaultConfigurationName = Release;
		};
		39B1E00F1DF9B62F00DA2507 /* Build configuration list for PBXNativeTarget "TestTaskQulix" */ = {
			isa = XCConfigurationList;
			buildConfigurations = (
				39B1E0101DF9B62F00DA2507 /* Debug */,
				39B1E0111DF9B62F00DA2507 /* Release */,
			);
			defaultConfigurationIsVisible = 0;
		};
/* End XCConfigurationList section */
	};
	rootObject = 39B1DFF51DF9B62E00DA2507 /* Project object */;
}
